
Microsoft Visual Studio Solution File, Format Version 12.00
# Visual Studio 15
VisualStudioVersion = 15.0.27004.2002
MinimumVisualStudioVersion = 10.0.40219.1
Project("{262852C6-CD72-467D-83FE-5EEB1973A190}") = "BlankCordovaApp1", "BlankCordovaApp1\BlankCordovaApp1.jsproj", "{E7DE9B21-1A8C-42F5-91BF-C3D2C8D822C4}"
EndProject
Global
	GlobalSection(SolutionConfigurationPlatforms) = preSolution
		Debug|Android = Debug|Android
		Debug|iOS = Debug|iOS
		Debug|Windows-ARM = Debug|Windows-ARM
		Debug|Windows-x64 = Debug|Windows-x64
		Debug|Windows-x86 = Debug|Windows-x86
		Release|Android = Release|Android
		Release|iOS = Release|iOS
		Release|Windows-ARM = Release|Windows-ARM
		Release|Windows-x64 = Release|Windows-x64
		Release|Windows-x86 = Release|Windows-x86
	EndGlobalSection
	GlobalSection(ProjectConfigurationPlatforms) = postSolution
		{E7DE9B21-1A8C-42F5-91BF-C3D2C8D822C4}.Debug|Android.ActiveCfg = Debug|Android
		{E7DE9B21-1A8C-42F5-91BF-C3D2C8D822C4}.Debug|Android.Build.0 = Debug|Android
		{E7DE9B21-1A8C-42F5-91BF-C3D2C8D822C4}.Debug|Android.Deploy.0 = Debug|Android
		{E7DE9B21-1A8C-42F5-91BF-C3D2C8D822C4}.Debug|iOS.ActiveCfg = Debug|iOS
		{E7DE9B21-1A8C-42F5-91BF-C3D2C8D822C4}.Debug|iOS.Build.0 = Debug|iOS
		{E7DE9B21-1A8C-42F5-91BF-C3D2C8D822C4}.Debug|iOS.Deploy.0 = Debug|iOS
		{E7DE9B21-1A8C-42F5-91BF-C3D2C8D822C4}.Debug|Windows-ARM.ActiveCfg = Debug|Windows-ARM
		{E7DE9B21-1A8C-42F5-91BF-C3D2C8D822C4}.Debug|Windows-ARM.Build.0 = Debug|Windows-ARM
		{E7DE9B21-1A8C-42F5-91BF-C3D2C8D822C4}.Debug|Windows-ARM.Deploy.0 = Debug|Windows-ARM
		{E7DE9B21-1A8C-42F5-91BF-C3D2C8D822C4}.Debug|Windows-x64.ActiveCfg = Debug|Windows-x64
		{E7DE9B21-1A8C-42F5-91BF-C3D2C8D822C4}.Debug|Windows-x64.Build.0 = Debug|Windows-x64
		{E7DE9B21-1A8C-42F5-91BF-C3D2C8D822C4}.Debug|Windows-x64.Deploy.0 = Debug|Windows-x64
		{E7DE9B21-1A8C-42F5-91BF-C3D2C8D822C4}.Debug|Windows-x86.ActiveCfg = Debug|Windows-x86
		{E7DE9B21-1A8C-42F5-91BF-C3D2C8D822C4}.Debug|Windows-x86.Build.0 = Debug|Windows-x86
		{E7DE9B21-1A8C-42F5-91BF-C3D2C8D822C4}.Debug|Windows-x86.Deploy.0 = Debug|Windows-x86
		{E7DE9B21-1A8C-42F5-91BF-C3D2C8D822C4}.Release|Android.ActiveCfg = Release|Android
		{E7DE9B21-1A8C-42F5-91BF-C3D2C8D822C4}.Release|Android.Build.0 = Release|Android
		{E7DE9B21-1A8C-42F5-91BF-C3D2C8D822C4}.Release|Android.Deploy.0 = Release|Android
		{E7DE9B21-1A8C-42F5-91BF-C3D2C8D822C4}.Release|iOS.ActiveCfg = Release|iOS
		{E7DE9B21-1A8C-42F5-91BF-C3D2C8D822C4}.Release|iOS.Build.0 = Release|iOS
		{E7DE9B21-1A8C-42F5-91BF-C3D2C8D822C4}.Release|iOS.Deploy.0 = Release|iOS
		{E7DE9B21-1A8C-42F5-91BF-C3D2C8D822C4}.Release|Windows-ARM.ActiveCfg = Release|Windows-ARM
		{E7DE9B21-1A8C-42F5-91BF-C3D2C8D822C4}.Release|Windows-ARM.Build.0 = Release|Windows-ARM
		{E7DE9B21-1A8C-42F5-91BF-C3D2C8D822C4}.Release|Windows-ARM.Deploy.0 = Release|Windows-ARM
		{E7DE9B21-1A8C-42F5-91BF-C3D2C8D822C4}.Release|Windows-x64.ActiveCfg = Release|Windows-x64
		{E7DE9B21-1A8C-42F5-91BF-C3D2C8D822C4}.Release|Windows-x64.Build.0 = Release|Windows-x64
		{E7DE9B21-1A8C-42F5-91BF-C3D2C8D822C4}.Release|Windows-x64.Deploy.0 = Release|Windows-x64
		{E7DE9B21-1A8C-42F5-91BF-C3D2C8D822C4}.Release|Windows-x86.ActiveCfg = Release|Windows-x86
		{E7DE9B21-1A8C-42F5-91BF-C3D2C8D822C4}.Release|Windows-x86.Build.0 = Release|Windows-x86
		{E7DE9B21-1A8C-42F5-91BF-C3D2C8D822C4}.Release|Windows-x86.Deploy.0 = Release|Windows-x86
	EndGlobalSection
	GlobalSection(SolutionProperties) = preSolution
		HideSolutionNode = FALSE
	EndGlobalSection
	GlobalSection(ExtensibilityGlobals) = postSolution
		SolutionGuid = {A0D9C38C-35D0-46A5-B6D8-F8F08CA8EE12}
	EndGlobalSection
EndGlobal
